
Microsoft Visual Studio Solution File, Format Version 12.00
# Visual Studio Version 16
VisualStudioVersion = 16.0.28315.86
MinimumVisualStudioVersion = 10.0.40219.1
Project("{FAE04EC0-301F-11D3-BF4B-00C04F79EFBC}") = "AtB Tracker.UWP", "AtB Tracker\AtB Tracker.UWP\AtB Tracker.UWP.csproj", "{FAC6C022-367E-4FAA-9557-0676438430FF}"
EndProject
Project("{FAE04EC0-301F-11D3-BF4B-00C04F79EFBC}") = "AtB Tracker.Android", "AtB Tracker\AtB Tracker.Android\AtB Tracker.Android.csproj", "{DD47CFD9-E8AC-4D38-A4A2-48E272858269}"
EndProject
Project("{FAE04EC0-301F-11D3-BF4B-00C04F79EFBC}") = "AtB Tracker.iOS", "AtB Tracker\AtB Tracker.iOS\AtB Tracker.iOS.csproj", "{07F7B73F-E44C-4FCD-B042-02090EE61287}"
EndProject
Project("{FAE04EC0-301F-11D3-BF4B-00C04F79EFBC}") = "AtB Tracker", "AtB Tracker\AtB Tracker\AtB Tracker.csproj", "{8DD54F4E-C84C-406B-898C-A64A2BF10D72}"
EndProject
Global
	GlobalSection(SolutionConfigurationPlatforms) = preSolution
		Ad-Hoc|Any CPU = Ad-Hoc|Any CPU
		Ad-Hoc|ARM = Ad-Hoc|ARM
		Ad-Hoc|iPhone = Ad-Hoc|iPhone
		Ad-Hoc|iPhoneSimulator = Ad-Hoc|iPhoneSimulator
		Ad-Hoc|x64 = Ad-Hoc|x64
		Ad-Hoc|x86 = Ad-Hoc|x86
		AppStore|Any CPU = AppStore|Any CPU
		AppStore|ARM = AppStore|ARM
		AppStore|iPhone = AppStore|iPhone
		AppStore|iPhoneSimulator = AppStore|iPhoneSimulator
		AppStore|x64 = AppStore|x64
		AppStore|x86 = AppStore|x86
		Debug|Any CPU = Debug|Any CPU
		Debug|ARM = Debug|ARM
		Debug|iPhone = Debug|iPhone
		Debug|iPhoneSimulator = Debug|iPhoneSimulator
		Debug|x64 = Debug|x64
		Debug|x86 = Debug|x86
		Release|Any CPU = Release|Any CPU
		Release|ARM = Release|ARM
		Release|iPhone = Release|iPhone
		Release|iPhoneSimulator = Release|iPhoneSimulator
		Release|x64 = Release|x64
		Release|x86 = Release|x86
	EndGlobalSection
	GlobalSection(ProjectConfigurationPlatforms) = postSolution
		{FAC6C022-367E-4FAA-9557-0676438430FF}.Ad-Hoc|Any CPU.ActiveCfg = Release|x86
		{FAC6C022-367E-4FAA-9557-0676438430FF}.Ad-Hoc|Any CPU.Build.0 = Release|x86
		{FAC6C022-367E-4FAA-9557-0676438430FF}.Ad-Hoc|Any CPU.Deploy.0 = Release|x86
		{FAC6C022-367E-4FAA-9557-0676438430FF}.Ad-Hoc|ARM.ActiveCfg = Release|ARM
		{FAC6C022-367E-4FAA-9557-0676438430FF}.Ad-Hoc|ARM.Build.0 = Release|ARM
		{FAC6C022-367E-4FAA-9557-0676438430FF}.Ad-Hoc|ARM.Deploy.0 = Release|ARM
		{FAC6C022-367E-4FAA-9557-0676438430FF}.Ad-Hoc|iPhone.ActiveCfg = Release|x86
		{FAC6C022-367E-4FAA-9557-0676438430FF}.Ad-Hoc|iPhone.Build.0 = Release|x86
		{FAC6C022-367E-4FAA-9557-0676438430FF}.Ad-Hoc|iPhone.Deploy.0 = Release|x86
		{FAC6C022-367E-4FAA-9557-0676438430FF}.Ad-Hoc|iPhoneSimulator.ActiveCfg = Release|x86
		{FAC6C022-367E-4FAA-9557-0676438430FF}.Ad-Hoc|iPhoneSimulator.Build.0 = Release|x86
		{FAC6C022-367E-4FAA-9557-0676438430FF}.Ad-Hoc|iPhoneSimulator.Deploy.0 = Release|x86
		{FAC6C022-367E-4FAA-9557-0676438430FF}.Ad-Hoc|x64.ActiveCfg = Release|x64
		{FAC6C022-367E-4FAA-9557-0676438430FF}.Ad-Hoc|x64.Build.0 = Release|x64
		{FAC6C022-367E-4FAA-9557-0676438430FF}.Ad-Hoc|x64.Deploy.0 = Release|x64
		{FAC6C022-367E-4FAA-9557-0676438430FF}.Ad-Hoc|x86.ActiveCfg = Release|x86
		{FAC6C022-367E-4FAA-9557-0676438430FF}.Ad-Hoc|x86.Build.0 = Release|x86
		{FAC6C022-367E-4FAA-9557-0676438430FF}.Ad-Hoc|x86.Deploy.0 = Release|x86
		{FAC6C022-367E-4FAA-9557-0676438430FF}.AppStore|Any CPU.ActiveCfg = Release|x86
		{FAC6C022-367E-4FAA-9557-0676438430FF}.AppStore|Any CPU.Build.0 = Release|x86
		{FAC6C022-367E-4FAA-9557-0676438430FF}.AppStore|Any CPU.Deploy.0 = Release|x86
		{FAC6C022-367E-4FAA-9557-0676438430FF}.AppStore|ARM.ActiveCfg = Release|ARM
		{FAC6C022-367E-4FAA-9557-0676438430FF}.AppStore|ARM.Build.0 = Release|ARM
		{FAC6C022-367E-4FAA-9557-0676438430FF}.AppStore|ARM.Deploy.0 = Release|ARM
		{FAC6C022-367E-4FAA-9557-0676438430FF}.AppStore|iPhone.ActiveCfg = Release|x86
		{FAC6C022-367E-4FAA-9557-0676438430FF}.AppStore|iPhone.Build.0 = Release|x86
		{FAC6C022-367E-4FAA-9557-0676438430FF}.AppStore|iPhone.Deploy.0 = Release|x86
		{FAC6C022-367E-4FAA-9557-0676438430FF}.AppStore|iPhoneSimulator.ActiveCfg = Release|x86
		{FAC6C022-367E-4FAA-9557-0676438430FF}.AppStore|iPhoneSimulator.Build.0 = Release|x86
		{FAC6C022-367E-4FAA-9557-0676438430FF}.AppStore|iPhoneSimulator.Deploy.0 = Release|x86
		{FAC6C022-367E-4FAA-9557-0676438430FF}.AppStore|x64.ActiveCfg = Release|x64
		{FAC6C022-367E-4FAA-9557-0676438430FF}.AppStore|x64.Build.0 = Release|x64
		{FAC6C022-367E-4FAA-9557-0676438430FF}.AppStore|x64.Deploy.0 = Release|x64
		{FAC6C022-367E-4FAA-9557-0676438430FF}.AppStore|x86.ActiveCfg = Release|x86
		{FAC6C022-367E-4FAA-9557-0676438430FF}.AppStore|x86.Build.0 = Release|x86
		{FAC6C022-367E-4FAA-9557-0676438430FF}.AppStore|x86.Deploy.0 = Release|x86
		{FAC6C022-367E-4FAA-9557-0676438430FF}.Debug|Any CPU.ActiveCfg = Debug|x86
		{FAC6C022-367E-4FAA-9557-0676438430FF}.Debug|Any CPU.Build.0 = Debug|x86
		{FAC6C022-367E-4FAA-9557-0676438430FF}.Debug|Any CPU.Deploy.0 = Debug|x86
		{FAC6C022-367E-4FAA-9557-0676438430FF}.Debug|ARM.ActiveCfg = Debug|ARM
		{FAC6C022-367E-4FAA-9557-0676438430FF}.Debug|ARM.Build.0 = Debug|ARM
		{FAC6C022-367E-4FAA-9557-0676438430FF}.Debug|ARM.Deploy.0 = Debug|ARM
		{FAC6C022-367E-4FAA-9557-0676438430FF}.Debug|iPhone.ActiveCfg = Debug|x86
		{FAC6C022-367E-4FAA-9557-0676438430FF}.Debug|iPhone.Build.0 = Debug|x86
		{FAC6C022-367E-4FAA-9557-0676438430FF}.Debug|iPhone.Deploy.0 = Debug|x86
		{FAC6C022-367E-4FAA-9557-0676438430FF}.Debug|iPhoneSimulator.ActiveCfg = Debug|x86
		{FAC6C022-367E-4FAA-9557-0676438430FF}.Debug|iPhoneSimulator.Build.0 = Debug|x86
		{FAC6C022-367E-4FAA-9557-0676438430FF}.Debug|iPhoneSimulator.Deploy.0 = Debug|x86
		{FAC6C022-367E-4FAA-9557-0676438430FF}.Debug|x64.ActiveCfg = Debug|x64
		{FAC6C022-367E-4FAA-9557-0676438430FF}.Debug|x64.Build.0 = Debug|x64
		{FAC6C022-367E-4FAA-9557-0676438430FF}.Debug|x64.Deploy.0 = Debug|x64
		{FAC6C022-367E-4FAA-9557-0676438430FF}.Debug|x86.ActiveCfg = Debug|x86
		{FAC6C022-367E-4FAA-9557-0676438430FF}.Debug|x86.Build.0 = Debug|x86
		{FAC6C022-367E-4FAA-9557-0676438430FF}.Debug|x86.Deploy.0 = Debug|x86
		{FAC6C022-367E-4FAA-9557-0676438430FF}.Release|Any CPU.ActiveCfg = Release|x86
		{FAC6C022-367E-4FAA-9557-0676438430FF}.Release|Any CPU.Build.0 = Release|x86
		{FAC6C022-367E-4FAA-9557-0676438430FF}.Release|Any CPU.Deploy.0 = Release|x86
		{FAC6C022-367E-4FAA-9557-0676438430FF}.Release|ARM.ActiveCfg = Release|ARM
		{FAC6C022-367E-4FAA-9557-0676438430FF}.Release|ARM.Build.0 = Release|ARM
		{FAC6C022-367E-4FAA-9557-0676438430FF}.Release|ARM.Deploy.0 = Release|ARM
		{FAC6C022-367E-4FAA-9557-0676438430FF}.Release|iPhone.ActiveCfg = Release|x86
		{FAC6C022-367E-4FAA-9557-0676438430FF}.Release|iPhone.Build.0 = Release|x86
		{FAC6C022-367E-4FAA-9557-0676438430FF}.Release|iPhone.Deploy.0 = Release|x86
		{FAC6C022-367E-4FAA-9557-0676438430FF}.Release|iPhoneSimulator.ActiveCfg = Release|x86
		{FAC6C022-367E-4FAA-9557-0676438430FF}.Release|iPhoneSimulator.Build.0 = Release|x86
		{FAC6C022-367E-4FAA-9557-0676438430FF}.Release|iPhoneSimulator.Deploy.0 = Release|x86
		{FAC6C022-367E-4FAA-9557-0676438430FF}.Release|x64.ActiveCfg = Release|x64
		{FAC6C022-367E-4FAA-9557-0676438430FF}.Release|x64.Build.0 = Release|x64
		{FAC6C022-367E-4FAA-9557-0676438430FF}.Release|x64.Deploy.0 = Release|x64
		{FAC6C022-367E-4FAA-9557-0676438430FF}.Release|x86.ActiveCfg = Release|x86
		{FAC6C022-367E-4FAA-9557-0676438430FF}.Release|x86.Build.0 = Release|x86
		{FAC6C022-367E-4FAA-9557-0676438430FF}.Release|x86.Deploy.0 = Release|x86
		{DD47CFD9-E8AC-4D38-A4A2-48E272858269}.Ad-Hoc|Any CPU.ActiveCfg = Release|Any CPU
		{DD47CFD9-E8AC-4D38-A4A2-48E272858269}.Ad-Hoc|Any CPU.Build.0 = Release|Any CPU
		{DD47CFD9-E8AC-4D38-A4A2-48E272858269}.Ad-Hoc|Any CPU.Deploy.0 = Release|Any CPU
		{DD47CFD9-E8AC-4D38-A4A2-48E272858269}.Ad-Hoc|ARM.ActiveCfg = Release|Any CPU
		{DD47CFD9-E8AC-4D38-A4A2-48E272858269}.Ad-Hoc|ARM.Build.0 = Release|Any CPU
		{DD47CFD9-E8AC-4D38-A4A2-48E272858269}.Ad-Hoc|ARM.Deploy.0 = Release|Any CPU
		{DD47CFD9-E8AC-4D38-A4A2-48E272858269}.Ad-Hoc|iPhone.ActiveCfg = Release|Any CPU
		{DD47CFD9-E8AC-4D38-A4A2-48E272858269}.Ad-Hoc|iPhone.Build.0 = Release|Any CPU
		{DD47CFD9-E8AC-4D38-A4A2-48E272858269}.Ad-Hoc|iPhone.Deploy.0 = Release|Any CPU
		{DD47CFD9-E8AC-4D38-A4A2-48E272858269}.Ad-Hoc|iPhoneSimulator.ActiveCfg = Release|Any CPU
		{DD47CFD9-E8AC-4D38-A4A2-48E272858269}.Ad-Hoc|iPhoneSimulator.Build.0 = Release|Any CPU
		{DD47CFD9-E8AC-4D38-A4A2-48E272858269}.Ad-Hoc|iPhoneSimulator.Deploy.0 = Release|Any CPU
		{DD47CFD9-E8AC-4D38-A4A2-48E272858269}.Ad-Hoc|x64.ActiveCfg = Release|Any CPU
		{DD47CFD9-E8AC-4D38-A4A2-48E272858269}.Ad-Hoc|x64.Build.0 = Release|Any CPU
		{DD47CFD9-E8AC-4D38-A4A2-48E272858269}.Ad-Hoc|x64.Deploy.0 = Release|Any CPU
		{DD47CFD9-E8AC-4D38-A4A2-48E272858269}.Ad-Hoc|x86.ActiveCfg = Release|Any CPU
		{DD47CFD9-E8AC-4D38-A4A2-48E272858269}.Ad-Hoc|x86.Build.0 = Release|Any CPU
		{DD47CFD9-E8AC-4D38-A4A2-48E272858269}.Ad-Hoc|x86.Deploy.0 = Release|Any CPU
		{DD47CFD9-E8AC-4D38-A4A2-48E272858269}.AppStore|Any CPU.ActiveCfg = Release|Any CPU
		{DD47CFD9-E8AC-4D38-A4A2-48E272858269}.AppStore|Any CPU.Build.0 = Release|Any CPU
		{DD47CFD9-E8AC-4D38-A4A2-48E272858269}.AppStore|Any CPU.Deploy.0 = Release|Any CPU
		{DD47CFD9-E8AC-4D38-A4A2-48E272858269}.AppStore|ARM.ActiveCfg = Release|Any CPU
		{DD47CFD9-E8AC-4D38-A4A2-48E272858269}.AppStore|ARM.Build.0 = Release|Any CPU
		{DD47CFD9-E8AC-4D38-A4A2-48E272858269}.AppStore|ARM.Deploy.0 = Release|Any CPU
		{DD47CFD9-E8AC-4D38-A4A2-48E272858269}.AppStore|iPhone.ActiveCfg = Release|Any CPU
		{DD47CFD9-E8AC-4D38-A4A2-48E272858269}.AppStore|iPhone.Build.0 = Release|Any CPU
		{DD47CFD9-E8AC-4D38-A4A2-48E272858269}.AppStore|iPhone.Deploy.0 = Release|Any CPU
		{DD47CFD9-E8AC-4D38-A4A2-48E272858269}.AppStore|iPhoneSimulator.ActiveCfg = Release|Any CPU
		{DD47CFD9-E8AC-4D38-A4A2-48E272858269}.AppStore|iPhoneSimulator.Build.0 = Release|Any CPU
		{DD47CFD9-E8AC-4D38-A4A2-48E272858269}.AppStore|iPhoneSimulator.Deploy.0 = Release|Any CPU
		{DD47CFD9-E8AC-4D38-A4A2-48E272858269}.AppStore|x64.ActiveCfg = Release|Any CPU
		{DD47CFD9-E8AC-4D38-A4A2-48E272858269}.AppStore|x64.Build.0 = Release|Any CPU
		{DD47CFD9-E8AC-4D38-A4A2-48E272858269}.AppStore|x64.Deploy.0 = Release|Any CPU
		{DD47CFD9-E8AC-4D38-A4A2-48E272858269}.AppStore|x86.ActiveCfg = Release|Any CPU
		{DD47CFD9-E8AC-4D38-A4A2-48E272858269}.AppStore|x86.Build.0 = Release|Any CPU
		{DD47CFD9-E8AC-4D38-A4A2-48E272858269}.AppStore|x86.Deploy.0 = Release|Any CPU
		{DD47CFD9-E8AC-4D38-A4A2-48E272858269}.Debug|Any CPU.ActiveCfg = Debug|Any CPU
		{DD47CFD9-E8AC-4D38-A4A2-48E272858269}.Debug|Any CPU.Build.0 = Debug|Any CPU
		{DD47CFD9-E8AC-4D38-A4A2-48E272858269}.Debug|Any CPU.Deploy.0 = Debug|Any CPU
		{DD47CFD9-E8AC-4D38-A4A2-48E272858269}.Debug|ARM.ActiveCfg = Debug|Any CPU
		{DD47CFD9-E8AC-4D38-A4A2-48E272858269}.Debug|ARM.Build.0 = Debug|Any CPU
		{DD47CFD9-E8AC-4D38-A4A2-48E272858269}.Debug|ARM.Deploy.0 = Debug|Any CPU
		{DD47CFD9-E8AC-4D38-A4A2-48E272858269}.Debug|iPhone.ActiveCfg = Debug|Any CPU
		{DD47CFD9-E8AC-4D38-A4A2-48E272858269}.Debug|iPhone.Build.0 = Debug|Any CPU
		{DD47CFD9-E8AC-4D38-A4A2-48E272858269}.Debug|iPhone.Deploy.0 = Debug|Any CPU
		{DD47CFD9-E8AC-4D38-A4A2-48E272858269}.Debug|iPhoneSimulator.ActiveCfg = Debug|Any CPU
		{DD47CFD9-E8AC-4D38-A4A2-48E272858269}.Debug|iPhoneSimulator.Build.0 = Debug|Any CPU
		{DD47CFD9-E8AC-4D38-A4A2-48E272858269}.Debug|iPhoneSimulator.Deploy.0 = Debug|Any CPU
		{DD47CFD9-E8AC-4D38-A4A2-48E272858269}.Debug|x64.ActiveCfg = Debug|Any CPU
		{DD47CFD9-E8AC-4D38-A4A2-48E272858269}.Debug|x64.Build.0 = Debug|Any CPU
		{DD47CFD9-E8AC-4D38-A4A2-48E272858269}.Debug|x64.Deploy.0 = Debug|Any CPU
		{DD47CFD9-E8AC-4D38-A4A2-48E272858269}.Debug|x86.ActiveCfg = Debug|Any CPU
		{DD47CFD9-E8AC-4D38-A4A2-48E272858269}.Debug|x86.Build.0 = Debug|Any CPU
		{DD47CFD9-E8AC-4D38-A4A2-48E272858269}.Debug|x86.Deploy.0 = Debug|Any CPU
		{DD47CFD9-E8AC-4D38-A4A2-48E272858269}.Release|Any CPU.ActiveCfg = Release|Any CPU
		{DD47CFD9-E8AC-4D38-A4A2-48E272858269}.Release|Any CPU.Build.0 = Release|Any CPU
		{DD47CFD9-E8AC-4D38-A4A2-48E272858269}.Release|Any CPU.Deploy.0 = Release|Any CPU
		{DD47CFD9-E8AC-4D38-A4A2-48E272858269}.Release|ARM.ActiveCfg = Release|Any CPU
		{DD47CFD9-E8AC-4D38-A4A2-48E272858269}.Release|ARM.Build.0 = Release|Any CPU
		{DD47CFD9-E8AC-4D38-A4A2-48E272858269}.Release|ARM.Deploy.0 = Release|Any CPU
		{DD47CFD9-E8AC-4D38-A4A2-48E272858269}.Release|iPhone.ActiveCfg = Release|Any CPU
		{DD47CFD9-E8AC-4D38-A4A2-48E272858269}.Release|iPhone.Build.0 = Release|Any CPU
		{DD47CFD9-E8AC-4D38-A4A2-48E272858269}.Release|iPhone.Deploy.0 = Release|Any CPU
		{DD47CFD9-E8AC-4D38-A4A2-48E272858269}.Release|iPhoneSimulator.ActiveCfg = Release|Any CPU
		{DD47CFD9-E8AC-4D38-A4A2-48E272858269}.Release|iPhoneSimulator.Build.0 = Release|Any CPU
		{DD47CFD9-E8AC-4D38-A4A2-48E272858269}.Release|iPhoneSimulator.Deploy.0 = Release|Any CPU
		{DD47CFD9-E8AC-4D38-A4A2-48E272858269}.Release|x64.ActiveCfg = Release|Any CPU
		{DD47CFD9-E8AC-4D38-A4A2-48E272858269}.Release|x64.Build.0 = Release|Any CPU
		{DD47CFD9-E8AC-4D38-A4A2-48E272858269}.Release|x64.Deploy.0 = Release|Any CPU
		{DD47CFD9-E8AC-4D38-A4A2-48E272858269}.Release|x86.ActiveCfg = Release|Any CPU
		{DD47CFD9-E8AC-4D38-A4A2-48E272858269}.Release|x86.Build.0 = Release|Any CPU
		{DD47CFD9-E8AC-4D38-A4A2-48E272858269}.Release|x86.Deploy.0 = Release|Any CPU
		{07F7B73F-E44C-4FCD-B042-02090EE61287}.Ad-Hoc|Any CPU.ActiveCfg = Ad-Hoc|iPhone
		{07F7B73F-E44C-4FCD-B042-02090EE61287}.Ad-Hoc|Any CPU.Build.0 = Ad-Hoc|iPhone
		{07F7B73F-E44C-4FCD-B042-02090EE61287}.Ad-Hoc|Any CPU.Deploy.0 = Ad-Hoc|iPhone
		{07F7B73F-E44C-4FCD-B042-02090EE61287}.Ad-Hoc|ARM.ActiveCfg = Ad-Hoc|iPhone
		{07F7B73F-E44C-4FCD-B042-02090EE61287}.Ad-Hoc|ARM.Build.0 = Ad-Hoc|iPhone
		{07F7B73F-E44C-4FCD-B042-02090EE61287}.Ad-Hoc|ARM.Deploy.0 = Ad-Hoc|iPhone
		{07F7B73F-E44C-4FCD-B042-02090EE61287}.Ad-Hoc|iPhone.ActiveCfg = Ad-Hoc|iPhone
		{07F7B73F-E44C-4FCD-B042-02090EE61287}.Ad-Hoc|iPhone.Build.0 = Ad-Hoc|iPhone
		{07F7B73F-E44C-4FCD-B042-02090EE61287}.Ad-Hoc|iPhone.Deploy.0 = Ad-Hoc|iPhone
		{07F7B73F-E44C-4FCD-B042-02090EE61287}.Ad-Hoc|iPhoneSimulator.ActiveCfg = Ad-Hoc|iPhoneSimulator
		{07F7B73F-E44C-4FCD-B042-02090EE61287}.Ad-Hoc|iPhoneSimulator.Build.0 = Ad-Hoc|iPhoneSimulator
		{07F7B73F-E44C-4FCD-B042-02090EE61287}.Ad-Hoc|iPhoneSimulator.Deploy.0 = Ad-Hoc|iPhoneSimulator
		{07F7B73F-E44C-4FCD-B042-02090EE61287}.Ad-Hoc|x64.ActiveCfg = Ad-Hoc|iPhone
		{07F7B73F-E44C-4FCD-B042-02090EE61287}.Ad-Hoc|x64.Build.0 = Ad-Hoc|iPhone
		{07F7B73F-E44C-4FCD-B042-02090EE61287}.Ad-Hoc|x64.Deploy.0 = Ad-Hoc|iPhone
		{07F7B73F-E44C-4FCD-B042-02090EE61287}.Ad-Hoc|x86.ActiveCfg = Ad-Hoc|iPhone
		{07F7B73F-E44C-4FCD-B042-02090EE61287}.Ad-Hoc|x86.Build.0 = Ad-Hoc|iPhone
		{07F7B73F-E44C-4FCD-B042-02090EE61287}.Ad-Hoc|x86.Deploy.0 = Ad-Hoc|iPhone
		{07F7B73F-E44C-4FCD-B042-02090EE61287}.AppStore|Any CPU.ActiveCfg = AppStore|iPhone
		{07F7B73F-E44C-4FCD-B042-02090EE61287}.AppStore|Any CPU.Build.0 = AppStore|iPhone
		{07F7B73F-E44C-4FCD-B042-02090EE61287}.AppStore|Any CPU.Deploy.0 = AppStore|iPhone
		{07F7B73F-E44C-4FCD-B042-02090EE61287}.AppStore|ARM.ActiveCfg = AppStore|iPhone
		{07F7B73F-E44C-4FCD-B042-02090EE61287}.AppStore|ARM.Build.0 = AppStore|iPhone
		{07F7B73F-E44C-4FCD-B042-02090EE61287}.AppStore|ARM.Deploy.0 = AppStore|iPhone
		{07F7B73F-E44C-4FCD-B042-02090EE61287}.AppStore|iPhone.ActiveCfg = AppStore|iPhone
		{07F7B73F-E44C-4FCD-B042-02090EE61287}.AppStore|iPhone.Build.0 = AppStore|iPhone
		{07F7B73F-E44C-4FCD-B042-02090EE61287}.AppStore|iPhone.Deploy.0 = AppStore|iPhone
		{07F7B73F-E44C-4FCD-B042-02090EE61287}.AppStore|iPhoneSimulator.ActiveCfg = AppStore|iPhoneSimulator
		{07F7B73F-E44C-4FCD-B042-02090EE61287}.AppStore|iPhoneSimulator.Build.0 = AppStore|iPhoneSimulator
		{07F7B73F-E44C-4FCD-B042-02090EE61287}.AppStore|iPhoneSimulator.Deploy.0 = AppStore|iPhoneSimulator
		{07F7B73F-E44C-4FCD-B042-02090EE61287}.AppStore|x64.ActiveCfg = AppStore|iPhone
		{07F7B73F-E44C-4FCD-B042-02090EE61287}.AppStore|x64.Build.0 = AppStore|iPhone
		{07F7B73F-E44C-4FCD-B042-02090EE61287}.AppStore|x64.Deploy.0 = AppStore|iPhone
		{07F7B73F-E44C-4FCD-B042-02090EE61287}.AppStore|x86.ActiveCfg = AppStore|iPhone
		{07F7B73F-E44C-4FCD-B042-02090EE61287}.AppStore|x86.Build.0 = AppStore|iPhone
		{07F7B73F-E44C-4FCD-B042-02090EE61287}.AppStore|x86.Deploy.0 = AppStore|iPhone
		{07F7B73F-E44C-4FCD-B042-02090EE61287}.Debug|Any CPU.ActiveCfg = Debug|iPhone
		{07F7B73F-E44C-4FCD-B042-02090EE61287}.Debug|Any CPU.Build.0 = Debug|iPhone
		{07F7B73F-E44C-4FCD-B042-02090EE61287}.Debug|Any CPU.Deploy.0 = Debug|iPhone
		{07F7B73F-E44C-4FCD-B042-02090EE61287}.Debug|ARM.ActiveCfg = Debug|iPhoneSimulator
		{07F7B73F-E44C-4FCD-B042-02090EE61287}.Debug|ARM.Build.0 = Debug|iPhoneSimulator
		{07F7B73F-E44C-4FCD-B042-02090EE61287}.Debug|ARM.Deploy.0 = Debug|iPhoneSimulator
		{07F7B73F-E44C-4FCD-B042-02090EE61287}.Debug|iPhone.ActiveCfg = Debug|iPhone
		{07F7B73F-E44C-4FCD-B042-02090EE61287}.Debug|iPhone.Build.0 = Debug|iPhone
		{07F7B73F-E44C-4FCD-B042-02090EE61287}.Debug|iPhone.Deploy.0 = Debug|iPhone
		{07F7B73F-E44C-4FCD-B042-02090EE61287}.Debug|iPhoneSimulator.ActiveCfg = Debug|iPhoneSimulator
		{07F7B73F-E44C-4FCD-B042-02090EE61287}.Debug|iPhoneSimulator.Build.0 = Debug|iPhoneSimulator
		{07F7B73F-E44C-4FCD-B042-02090EE61287}.Debug|iPhoneSimulator.Deploy.0 = Debug|iPhoneSimulator
		{07F7B73F-E44C-4FCD-B042-02090EE61287}.Debug|x64.ActiveCfg = Debug|iPhone
		{07F7B73F-E44C-4FCD-B042-02090EE61287}.Debug|x64.Build.0 = Debug|iPhone
		{07F7B73F-E44C-4FCD-B042-02090EE61287}.Debug|x64.Deploy.0 = Debug|iPhone
		{07F7B73F-E44C-4FCD-B042-02090EE61287}.Debug|x86.ActiveCfg = Debug|iPhone
		{07F7B73F-E44C-4FCD-B042-02090EE61287}.Debug|x86.Build.0 = Debug|iPhone
		{07F7B73F-E44C-4FCD-B042-02090EE61287}.Debug|x86.Deploy.0 = Debug|iPhone
		{07F7B73F-E44C-4FCD-B042-02090EE61287}.Release|Any CPU.ActiveCfg = Release|iPhone
		{07F7B73F-E44C-4FCD-B042-02090EE61287}.Release|Any CPU.Build.0 = Release|iPhone
		{07F7B73F-E44C-4FCD-B042-02090EE61287}.Release|Any CPU.Deploy.0 = Release|iPhone
		{07F7B73F-E44C-4FCD-B042-02090EE61287}.Release|ARM.ActiveCfg = Release|iPhone
		{07F7B73F-E44C-4FCD-B042-02090EE61287}.Release|ARM.Build.0 = Release|iPhone
		{07F7B73F-E44C-4FCD-B042-02090EE61287}.Release|ARM.Deploy.0 = Release|iPhone
		{07F7B73F-E44C-4FCD-B042-02090EE61287}.Release|iPhone.ActiveCfg = Release|iPhone
		{07F7B73F-E44C-4FCD-B042-02090EE61287}.Release|iPhone.Build.0 = Release|iPhone
		{07F7B73F-E44C-4FCD-B042-02090EE61287}.Release|iPhone.Deploy.0 = Release|iPhone
		{07F7B73F-E44C-4FCD-B042-02090EE61287}.Release|iPhoneSimulator.ActiveCfg = Release|iPhoneSimulator
		{07F7B73F-E44C-4FCD-B042-02090EE61287}.Release|iPhoneSimulator.Build.0 = Release|iPhoneSimulator
		{07F7B73F-E44C-4FCD-B042-02090EE61287}.Release|iPhoneSimulator.Deploy.0 = Release|iPhoneSimulator
		{07F7B73F-E44C-4FCD-B042-02090EE61287}.Release|x64.ActiveCfg = Release|iPhone
		{07F7B73F-E44C-4FCD-B042-02090EE61287}.Release|x64.Build.0 = Release|iPhone
		{07F7B73F-E44C-4FCD-B042-02090EE61287}.Release|x64.Deploy.0 = Release|iPhone
		{07F7B73F-E44C-4FCD-B042-02090EE61287}.Release|x86.ActiveCfg = Release|iPhone
		{07F7B73F-E44C-4FCD-B042-02090EE61287}.Release|x86.Build.0 = Release|iPhone
		{07F7B73F-E44C-4FCD-B042-02090EE61287}.Release|x86.Deploy.0 = Release|iPhone
		{8DD54F4E-C84C-406B-898C-A64A2BF10D72}.Ad-Hoc|Any CPU.ActiveCfg = Debug|Any CPU
		{8DD54F4E-C84C-406B-898C-A64A2BF10D72}.Ad-Hoc|Any CPU.Build.0 = Debug|Any CPU
		{8DD54F4E-C84C-406B-898C-A64A2BF10D72}.Ad-Hoc|Any CPU.Deploy.0 = Debug|Any CPU
		{8DD54F4E-C84C-406B-898C-A64A2BF10D72}.Ad-Hoc|ARM.ActiveCfg = Debug|Any CPU
		{8DD54F4E-C84C-406B-898C-A64A2BF10D72}.Ad-Hoc|ARM.Build.0 = Debug|Any CPU
		{8DD54F4E-C84C-406B-898C-A64A2BF10D72}.Ad-Hoc|ARM.Deploy.0 = Debug|Any CPU
		{8DD54F4E-C84C-406B-898C-A64A2BF10D72}.Ad-Hoc|iPhone.ActiveCfg = Debug|Any CPU
		{8DD54F4E-C84C-406B-898C-A64A2BF10D72}.Ad-Hoc|iPhone.Build.0 = Debug|Any CPU
		{8DD54F4E-C84C-406B-898C-A64A2BF10D72}.Ad-Hoc|iPhone.Deploy.0 = Debug|Any CPU
		{8DD54F4E-C84C-406B-898C-A64A2BF10D72}.Ad-Hoc|iPhoneSimulator.ActiveCfg = Debug|Any CPU
		{8DD54F4E-C84C-406B-898C-A64A2BF10D72}.Ad-Hoc|iPhoneSimulator.Build.0 = Debug|Any CPU
		{8DD54F4E-C84C-406B-898C-A64A2BF10D72}.Ad-Hoc|iPhoneSimulator.Deploy.0 = Debug|Any CPU
		{8DD54F4E-C84C-406B-898C-A64A2BF10D72}.Ad-Hoc|x64.ActiveCfg = Debug|Any CPU
		{8DD54F4E-C84C-406B-898C-A64A2BF10D72}.Ad-Hoc|x64.Build.0 = Debug|Any CPU
		{8DD54F4E-C84C-406B-898C-A64A2BF10D72}.Ad-Hoc|x64.Deploy.0 = Debug|Any CPU
		{8DD54F4E-C84C-406B-898C-A64A2BF10D72}.Ad-Hoc|x86.ActiveCfg = Debug|Any CPU
		{8DD54F4E-C84C-406B-898C-A64A2BF10D72}.Ad-Hoc|x86.Build.0 = Debug|Any CPU
		{8DD54F4E-C84C-406B-898C-A64A2BF10D72}.Ad-Hoc|x86.Deploy.0 = Debug|Any CPU
		{8DD54F4E-C84C-406B-898C-A64A2BF10D72}.AppStore|Any CPU.ActiveCfg = Debug|Any CPU
		{8DD54F4E-C84C-406B-898C-A64A2BF10D72}.AppStore|Any CPU.Build.0 = Debug|Any CPU
		{8DD54F4E-C84C-406B-898C-A64A2BF10D72}.AppStore|Any CPU.Deploy.0 = Debug|Any CPU
		{8DD54F4E-C84C-406B-898C-A64A2BF10D72}.AppStore|ARM.ActiveCfg = Debug|Any CPU
		{8DD54F4E-C84C-406B-898C-A64A2BF10D72}.AppStore|ARM.Build.0 = Debug|Any CPU
		{8DD54F4E-C84C-406B-898C-A64A2BF10D72}.AppStore|ARM.Deploy.0 = Debug|Any CPU
		{8DD54F4E-C84C-406B-898C-A64A2BF10D72}.AppStore|iPhone.ActiveCfg = Debug|Any CPU
		{8DD54F4E-C84C-406B-898C-A64A2BF10D72}.AppStore|iPhone.Build.0 = Debug|Any CPU
		{8DD54F4E-C84C-406B-898C-A64A2BF10D72}.AppStore|iPhone.Deploy.0 = Debug|Any CPU
		{8DD54F4E-C84C-406B-898C-A64A2BF10D72}.AppStore|iPhoneSimulator.ActiveCfg = Debug|Any CPU
		{8DD54F4E-C84C-406B-898C-A64A2BF10D72}.AppStore|iPhoneSimulator.Build.0 = Debug|Any CPU
		{8DD54F4E-C84C-406B-898C-A64A2BF10D72}.AppStore|iPhoneSimulator.Deploy.0 = Debug|Any CPU
		{8DD54F4E-C84C-406B-898C-A64A2BF10D72}.AppStore|x64.ActiveCfg = Debug|Any CPU
		{8DD54F4E-C84C-406B-898C-A64A2BF10D72}.AppStore|x64.Build.0 = Debug|Any CPU
		{8DD54F4E-C84C-406B-898C-A64A2BF10D72}.AppStore|x64.Deploy.0 = Debug|Any CPU
		{8DD54F4E-C84C-406B-898C-A64A2BF10D72}.AppStore|x86.ActiveCfg = Debug|Any CPU
		{8DD54F4E-C84C-406B-898C-A64A2BF10D72}.AppStore|x86.Build.0 = Debug|Any CPU
		{8DD54F4E-C84C-406B-898C-A64A2BF10D72}.AppStore|x86.Deploy.0 = Debug|Any CPU
		{8DD54F4E-C84C-406B-898C-A64A2BF10D72}.Debug|Any CPU.ActiveCfg = Debug|Any CPU
		{8DD54F4E-C84C-406B-898C-A64A2BF10D72}.Debug|Any CPU.Build.0 = Debug|Any CPU
		{8DD54F4E-C84C-406B-898C-A64A2BF10D72}.Debug|Any CPU.Deploy.0 = Debug|Any CPU
		{8DD54F4E-C84C-406B-898C-A64A2BF10D72}.Debug|ARM.ActiveCfg = Debug|Any CPU
		{8DD54F4E-C84C-406B-898C-A64A2BF10D72}.Debug|ARM.Build.0 = Debug|Any CPU
		{8DD54F4E-C84C-406B-898C-A64A2BF10D72}.Debug|ARM.Deploy.0 = Debug|Any CPU
		{8DD54F4E-C84C-406B-898C-A64A2BF10D72}.Debug|iPhone.ActiveCfg = Debug|Any CPU
		{8DD54F4E-C84C-406B-898C-A64A2BF10D72}.Debug|iPhone.Build.0 = Debug|Any CPU
		{8DD54F4E-C84C-406B-898C-A64A2BF10D72}.Debug|iPhone.Deploy.0 = Debug|Any CPU
		{8DD54F4E-C84C-406B-898C-A64A2BF10D72}.Debug|iPhoneSimulator.ActiveCfg = Debug|Any CPU
		{8DD54F4E-C84C-406B-898C-A64A2BF10D72}.Debug|iPhoneSimulator.Build.0 = Debug|Any CPU
		{8DD54F4E-C84C-406B-898C-A64A2BF10D72}.Debug|iPhoneSimulator.Deploy.0 = Debug|Any CPU
		{8DD54F4E-C84C-406B-898C-A64A2BF10D72}.Debug|x64.ActiveCfg = Debug|Any CPU
		{8DD54F4E-C84C-406B-898C-A64A2BF10D72}.Debug|x64.Build.0 = Debug|Any CPU
		{8DD54F4E-C84C-406B-898C-A64A2BF10D72}.Debug|x64.Deploy.0 = Debug|Any CPU
		{8DD54F4E-C84C-406B-898C-A64A2BF10D72}.Debug|x86.ActiveCfg = Debug|Any CPU
		{8DD54F4E-C84C-406B-898C-A64A2BF10D72}.Debug|x86.Build.0 = Debug|Any CPU
		{8DD54F4E-C84C-406B-898C-A64A2BF10D72}.Debug|x86.Deploy.0 = Debug|Any CPU
		{8DD54F4E-C84C-406B-898C-A64A2BF10D72}.Release|Any CPU.ActiveCfg = Release|Any CPU
		{8DD54F4E-C84C-406B-898C-A64A2BF10D72}.Release|Any CPU.Build.0 = Release|Any CPU
		{8DD54F4E-C84C-406B-898C-A64A2BF10D72}.Release|Any CPU.Deploy.0 = Release|Any CPU
		{8DD54F4E-C84C-406B-898C-A64A2BF10D72}.Release|ARM.ActiveCfg = Release|Any CPU
		{8DD54F4E-C84C-406B-898C-A64A2BF10D72}.Release|ARM.Build.0 = Release|Any CPU
		{8DD54F4E-C84C-406B-898C-A64A2BF10D72}.Release|ARM.Deploy.0 = Release|Any CPU
		{8DD54F4E-C84C-406B-898C-A64A2BF10D72}.Release|iPhone.ActiveCfg = Release|Any CPU
		{8DD54F4E-C84C-406B-898C-A64A2BF10D72}.Release|iPhone.Build.0 = Release|Any CPU
		{8DD54F4E-C84C-406B-898C-A64A2BF10D72}.Release|iPhone.Deploy.0 = Release|Any CPU
		{8DD54F4E-C84C-406B-898C-A64A2BF10D72}.Release|iPhoneSimulator.ActiveCfg = Release|Any CPU
		{8DD54F4E-C84C-406B-898C-A64A2BF10D72}.Release|iPhoneSimulator.Build.0 = Release|Any CPU
		{8DD54F4E-C84C-406B-898C-A64A2BF10D72}.Release|iPhoneSimulator.Deploy.0 = Release|Any CPU
		{8DD54F4E-C84C-406B-898C-A64A2BF10D72}.Release|x64.ActiveCfg = Release|Any CPU
		{8DD54F4E-C84C-406B-898C-A64A2BF10D72}.Release|x64.Build.0 = Release|Any CPU
		{8DD54F4E-C84C-406B-898C-A64A2BF10D72}.Release|x64.Deploy.0 = Release|Any CPU
		{8DD54F4E-C84C-406B-898C-A64A2BF10D72}.Release|x86.ActiveCfg = Release|Any CPU
		{8DD54F4E-C84C-406B-898C-A64A2BF10D72}.Release|x86.Build.0 = Release|Any CPU
		{8DD54F4E-C84C-406B-898C-A64A2BF10D72}.Release|x86.Deploy.0 = Release|Any CPU
	EndGlobalSection
	GlobalSection(SolutionProperties) = preSolution
		HideSolutionNode = FALSE
	EndGlobalSection
	GlobalSection(ExtensibilityGlobals) = postSolution
		SolutionGuid = {3D0FFE56-535C-4604-A4AB-924657B33234}
	EndGlobalSection
EndGlobal
